# This file is automatically @generated by Cargo.
# It is not intended for manual editing.
version = 3

[[package]]
name = "clippy-utilities"
version = "0.1.0"
source = "registry+https://github.com/rust-lang/crates.io-index"
checksum = "dc5b2535647ee31eb24c1e306dce64401e3dc2a5bce4733b50546d151639b0da"

[[package]]
name = "lsm_tree"
version = "0.1.0"
dependencies = [
 "clippy-utilities",
]
